
Microsoft Visual Studio Solution File, Format Version 12.00
# Visual Studio Version 16
VisualStudioVersion = 16.0.31410.357
MinimumVisualStudioVersion = 10.0.40219.1
Project("{FAE04EC0-301F-11D3-BF4B-00C04F79EFBC}") = "WebMetalJournal", "WebMetalJournal\WebMetalJournal.csproj", "{C0C18138-88D1-413C-9744-BCEDB7AD24BC}"
EndProject
Global
	GlobalSection(SolutionConfigurationPlatforms) = preSolution
		Debug|Any CPU = Debug|Any CPU
		Release|Any CPU = Release|Any CPU
	EndGlobalSection
	GlobalSection(ProjectConfigurationPlatforms) = postSolution
		{C0C18138-88D1-413C-9744-BCEDB7AD24BC}.Debug|Any CPU.ActiveCfg = Debug|Any CPU
		{C0C18138-88D1-413C-9744-BCEDB7AD24BC}.Debug|Any CPU.Build.0 = Debug|Any CPU
		{C0C18138-88D1-413C-9744-BCEDB7AD24BC}.Release|Any CPU.ActiveCfg = Release|Any CPU
		{C0C18138-88D1-413C-9744-BCEDB7AD24BC}.Release|Any CPU.Build.0 = Release|Any CPU
	EndGlobalSection
	GlobalSection(SolutionProperties) = preSolution
		HideSolutionNode = FALSE
	EndGlobalSection
	GlobalSection(ExtensibilityGlobals) = postSolution
		SolutionGuid = {E2CE4ABA-C982-4612-BEB6-824D4A155E70}
	EndGlobalSection
EndGlobal
